dependencies:
- name: argo-cd
  repository: https://argoproj.github.io/argo-helm
  version: 9.5.11
- name: argocd-image-updater
  repository: https://argoproj.github.io/argo-helm
  version: 1.1.4
digest: sha256:a7a8303ac4862a93d491dbb1b1c79957ef57abac366673d54fbdf86c15ec5c84
generated: "2026-05-03T12:45:39.287295192Z"
