dependencies:
- name: argo-cd
  repository: https://argoproj.github.io/argo-helm
  version: 9.2.4
- name: argocd-image-updater
  repository: https://argoproj.github.io/argo-helm
  version: 1.0.4
digest: sha256:98927fba0871a35d73c5e3e156dbb9e892b0fe387014781063755bd40c948bb3
generated: "2026-01-22T15:27:00.800367956Z"
